
Microsoft Visual Studio Solution File, Format Version 12.00
# Visual Studio 2013
VisualStudioVersion = 12.0.21005.1
MinimumVisualStudioVersion = 10.0.40219.1
Project("{FAE04EC0-301F-11D3-BF4B-00C04F79EFBC}") = "Quiron.LojaVirtual.Dominio", "Quiron.LojaVirtual.Dominio\Quiron.LojaVirtual.Dominio.csproj", "{6780B4E0-BD2A-4683-85E4-D17112DB7164}"
EndProject
Project("{FAE04EC0-301F-11D3-BF4B-00C04F79EFBC}") = "Quiron.LojaVirtual.UnitTeste", "Quiron.LojaVirtual.UnitTeste\Quiron.LojaVirtual.UnitTeste.csproj", "{B5894B34-D63B-4F8E-9368-D566D17C3673}"
EndProject
Project("{FAE04EC0-301F-11D3-BF4B-00C04F79EFBC}") = "Quiron.LojaVirtual.Web", "Quiron.LojaVirtual.Web\Quiron.LojaVirtual.Web.csproj", "{22A0F0E3-0B07-45FE-94E8-86AE60279BD9}"
EndProject
Global
	GlobalSection(SolutionConfigurationPlatforms) = preSolution
		Debug|Any CPU = Debug|Any CPU
		Release|Any CPU = Release|Any CPU
	EndGlobalSection
	GlobalSection(ProjectConfigurationPlatforms) = postSolution
		{6780B4E0-BD2A-4683-85E4-D17112DB7164}.Debug|Any CPU.ActiveCfg = Debug|Any CPU
		{6780B4E0-BD2A-4683-85E4-D17112DB7164}.Debug|Any CPU.Build.0 = Debug|Any CPU
		{6780B4E0-BD2A-4683-85E4-D17112DB7164}.Release|Any CPU.ActiveCfg = Release|Any CPU
		{6780B4E0-BD2A-4683-85E4-D17112DB7164}.Release|Any CPU.Build.0 = Release|Any CPU
		{B5894B34-D63B-4F8E-9368-D566D17C3673}.Debug|Any CPU.ActiveCfg = Debug|Any CPU
		{B5894B34-D63B-4F8E-9368-D566D17C3673}.Debug|Any CPU.Build.0 = Debug|Any CPU
		{B5894B34-D63B-4F8E-9368-D566D17C3673}.Release|Any CPU.ActiveCfg = Release|Any CPU
		{B5894B34-D63B-4F8E-9368-D566D17C3673}.Release|Any CPU.Build.0 = Release|Any CPU
		{22A0F0E3-0B07-45FE-94E8-86AE60279BD9}.Debug|Any CPU.ActiveCfg = Debug|Any CPU
		{22A0F0E3-0B07-45FE-94E8-86AE60279BD9}.Debug|Any CPU.Build.0 = Debug|Any CPU
		{22A0F0E3-0B07-45FE-94E8-86AE60279BD9}.Release|Any CPU.ActiveCfg = Release|Any CPU
		{22A0F0E3-0B07-45FE-94E8-86AE60279BD9}.Release|Any CPU.Build.0 = Release|Any CPU
	EndGlobalSection
	GlobalSection(SolutionProperties) = preSolution
		HideSolutionNode = FALSE
	EndGlobalSection
EndGlobal
